
Microsoft Visual Studio Solution File, Format Version 12.00
# Visual Studio Version 17
VisualStudioVersion = 17.5.33402.96
MinimumVisualStudioVersion = 10.0.40219.1
Project("{9A19103F-16F7-4668-BE54-9A1E7A4F7556}") = "StarfallAfterlifeBridge", "StarfallAfterlifeBridge\StarfallAfterlifeBridge.csproj", "{C53ED83C-2DB1-4512-92E8-EA5A999CB077}"
EndProject
Project("{9A19103F-16F7-4668-BE54-9A1E7A4F7556}") = "StarfallAfterlifeLauncher", "StarfallAfterlifeLauncher\StarfallAfterlifeLauncher.csproj", "{BD31D221-2264-4467-84A1-DD6AD3FB8A74}"
EndProject
Global
	GlobalSection(SolutionConfigurationPlatforms) = preSolution
		Debug|Any CPU = Debug|Any CPU
		InstancesDebug|Any CPU = InstancesDebug|Any CPU
		Release|Any CPU = Release|Any CPU
	EndGlobalSection
	GlobalSection(ProjectConfigurationPlatforms) = postSolution
		{C53ED83C-2DB1-4512-92E8-EA5A999CB077}.Debug|Any CPU.ActiveCfg = Debug|Any CPU
		{C53ED83C-2DB1-4512-92E8-EA5A999CB077}.Debug|Any CPU.Build.0 = Debug|Any CPU
		{C53ED83C-2DB1-4512-92E8-EA5A999CB077}.InstancesDebug|Any CPU.ActiveCfg = InstancesDebug|Any CPU
		{C53ED83C-2DB1-4512-92E8-EA5A999CB077}.InstancesDebug|Any CPU.Build.0 = InstancesDebug|Any CPU
		{C53ED83C-2DB1-4512-92E8-EA5A999CB077}.Release|Any CPU.ActiveCfg = Release|Any CPU
		{C53ED83C-2DB1-4512-92E8-EA5A999CB077}.Release|Any CPU.Build.0 = Release|Any CPU
		{BD31D221-2264-4467-84A1-DD6AD3FB8A74}.Debug|Any CPU.ActiveCfg = Debug|Any CPU
		{BD31D221-2264-4467-84A1-DD6AD3FB8A74}.Debug|Any CPU.Build.0 = Debug|Any CPU
		{BD31D221-2264-4467-84A1-DD6AD3FB8A74}.InstancesDebug|Any CPU.ActiveCfg = Debug|Any CPU
		{BD31D221-2264-4467-84A1-DD6AD3FB8A74}.InstancesDebug|Any CPU.Build.0 = Debug|Any CPU
		{BD31D221-2264-4467-84A1-DD6AD3FB8A74}.Release|Any CPU.ActiveCfg = Release|Any CPU
		{BD31D221-2264-4467-84A1-DD6AD3FB8A74}.Release|Any CPU.Build.0 = Release|Any CPU
	EndGlobalSection
	GlobalSection(SolutionProperties) = preSolution
		HideSolutionNode = FALSE
	EndGlobalSection
	GlobalSection(ExtensibilityGlobals) = postSolution
		SolutionGuid = {E78AE289-37A0-4009-9561-A7466CB57B03}
	EndGlobalSection
EndGlobal
